{
  "requires": true,
  "lockfileVersion": 1,
  "dependencies": {
    "ark-api": {
      "version": "1.2.2",
      "resolved": "https://registry.npmjs.org/ark-api/-/ark-api-1.2.2.tgz",
      "integrity": "sha512-wd+oOTah4os+StVLtzEnPdtQtvrTDxiPwv7t8fEKDnUkKKp9AY1cKLm7VEQ3wj4Gfj64lGth38RG29T3TXnKgA=="
    }
  }
}
